schema = "reprobuild.solved-graph-lock.v2"

[lock]
platform = "amd64-linux"
optimal = false
inputs_digest = "fnv1a64:466e99608fae5506"
variants = []
packages = [{ name = "capnp", version = "1.0.0", source = "capnp", selection = "selected" }, { name = "cargo", version = "1.83.0", source = "cargo", selection = "selected" }, { name = "codetracer_wasmi_recorder", version = "0.1.0", source = "codetracer_wasmi_recorder", selection = "selected" }, { name = "nim", version = "2.2.0", source = "nim", selection = "selected" }, { name = "nimble", version = "1.0.0", source = "nimble", selection = "selected" }, { name = "pkg-config", version = "1.0.0", source = "pkg-config", selection = "selected" }, { name = "rustc", version = "1.83.0", source = "rustc", selection = "selected" }, { name = "zstd", version = "1.0.0", source = "zstd", selection = "selected" }]
deps = [{ name = "codetracer-wasmi-recorder", path = ".", coord_kind = "vcs", url = "https://github.com/metacraft-labs/codetracer-wasmi-recorder", ref = "dev", revision = "3cbe34a8cca2e66d0adfe1bdca62b6da8b306952", integrity = "git-sha1:3cbe34a8cca2e66d0adfe1bdca62b6da8b306952", version = "", visibility = "public", participation = "", depends = "", tags = "" }]
