schema = "reprobuild.solved-graph-lock.v2"

[lock]
platform = "amd64-linux"
optimal = false
inputs_digest = "fnv1a64:721b8a06ed187b96"
variants = []
packages = [{ name = "capnp", version = "1.0.0", source = "capnp", selection = "selected" }, { name = "cargo", version = "1.83.0", source = "cargo", selection = "selected" }, { name = "codetracer_wasmi_recorder", version = "0.1.0", source = "codetracer_wasmi_recorder", selection = "selected" }, { name = "gcc", version = "1.0.0", source = "gcc", selection = "selected" }, { name = "nim", version = "2.2.0", source = "nim", selection = "selected" }, { name = "nimble", version = "1.0.0", source = "nimble", selection = "selected" }, { name = "pkg-config", version = "1.0.0", source = "pkg-config", selection = "selected" }, { name = "rustc", version = "1.83.0", source = "rustc", selection = "selected" }, { name = "zstd", version = "1.0.0", source = "zstd", selection = "selected" }]
deps = [{ name = "codetracer-trace-format", path = "../codetracer-trace-format", coord_kind = "vcs", url = "https://github.com/metacraft-labs/codetracer-trace-format", ref = "dev", revision = "80b9434ec7155607bd5ee321fe86f8503b1f0e8c", integrity = "git-sha1:80b9434ec7155607bd5ee321fe86f8503b1f0e8c", version = "", visibility = "public", participation = "", depends = "", tags = "" }, { name = "codetracer-trace-format-nim", path = "../codetracer-trace-format-nim", coord_kind = "vcs", url = "https://github.com/metacraft-labs/codetracer-trace-format-nim", ref = "dev", revision = "78a89616a2aa999bdedb011fef49a17ae3a0621d", integrity = "git-sha1:78a89616a2aa999bdedb011fef49a17ae3a0621d", version = "", visibility = "public", participation = "", depends = "", tags = "" }, { name = "codetracer-wasmi-recorder", path = ".", coord_kind = "vcs", url = "https://github.com/metacraft-labs/codetracer-wasmi-recorder", ref = "relock/committed-develop-set", revision = "ed242dbf0925ae0336e7e47821f6576b0249a5a1", integrity = "git-sha1:ed242dbf0925ae0336e7e47821f6576b0249a5a1", version = "", visibility = "public", participation = "", depends = "codetracer-trace-format,codetracer-trace-format-nim", tags = "" }]
